
Microsoft Visual Studio Solution File, Format Version 12.00
# Visual Studio Version 16
VisualStudioVersion = 16.0.31424.327
MinimumVisualStudioVersion = 10.0.40219.1
Project("{FAE04EC0-301F-11D3-BF4B-00C04F79EFBC}") = "excel", "excel\excel.csproj", "{6F3D5742-F88D-428F-BD3E-71F8E68C97A7}"
EndProject
Global
	GlobalSection(SolutionConfigurationPlatforms) = preSolution
		Debug|Any CPU = Debug|Any CPU
		Release|Any CPU = Release|Any CPU
	EndGlobalSection
	GlobalSection(ProjectConfigurationPlatforms) = postSolution
		{6F3D5742-F88D-428F-BD3E-71F8E68C97A7}.Debug|Any CPU.ActiveCfg = Debug|Any CPU
		{6F3D5742-F88D-428F-BD3E-71F8E68C97A7}.Debug|Any CPU.Build.0 = Debug|Any CPU
		{6F3D5742-F88D-428F-BD3E-71F8E68C97A7}.Release|Any CPU.ActiveCfg = Release|Any CPU
		{6F3D5742-F88D-428F-BD3E-71F8E68C97A7}.Release|Any CPU.Build.0 = Release|Any CPU
	EndGlobalSection
	GlobalSection(SolutionProperties) = preSolution
		HideSolutionNode = FALSE
	EndGlobalSection
	GlobalSection(ExtensibilityGlobals) = postSolution
		SolutionGuid = {187C2095-BC9E-4ED2-BBAE-D030B60C9E08}
	EndGlobalSection
EndGlobal
